
Microsoft Visual Studio Solution File, Format Version 12.00
# Visual Studio Version 16
VisualStudioVersion = 16.0.30907.101
MinimumVisualStudioVersion = 10.0.40219.1
Project("{FAE04EC0-301F-11D3-BF4B-00C04F79EFBC}") = "T9 Spelling", "T9 Spelling\T9 Spelling.csproj", "{F00C0D8C-BDD4-4F33-BC5C-F15B1978C671}"
EndProject
Global
	GlobalSection(SolutionConfigurationPlatforms) = preSolution
		Debug|Any CPU = Debug|Any CPU
		Release|Any CPU = Release|Any CPU
	EndGlobalSection
	GlobalSection(ProjectConfigurationPlatforms) = postSolution
		{F00C0D8C-BDD4-4F33-BC5C-F15B1978C671}.Debug|Any CPU.ActiveCfg = Debug|Any CPU
		{F00C0D8C-BDD4-4F33-BC5C-F15B1978C671}.Debug|Any CPU.Build.0 = Debug|Any CPU
		{F00C0D8C-BDD4-4F33-BC5C-F15B1978C671}.Release|Any CPU.ActiveCfg = Release|Any CPU
		{F00C0D8C-BDD4-4F33-BC5C-F15B1978C671}.Release|Any CPU.Build.0 = Release|Any CPU
	EndGlobalSection
	GlobalSection(SolutionProperties) = preSolution
		HideSolutionNode = FALSE
	EndGlobalSection
	GlobalSection(ExtensibilityGlobals) = postSolution
		SolutionGuid = {E942FB78-3E30-4FCC-BD21-ED6F90C8B38A}
	EndGlobalSection
EndGlobal
